{
  "lockfileVersion": 1,
  "configVersion": 1,
  "workspaces": {
    "": {
      "name": "plex-httpd-frontend",
      "dependencies": {
        "@hugeicons/core-free-icons": "^4.1.3",
        "@hugeicons/svelte": "^1.1.2",
        "clsx": "^2.1.1",
        "tailwind-merge": "^3.6.0",
        "three": "^0.184.0",
        "tw-animate-css": "^1.4.0",
      },
      "devDependencies": {
        "@fontsource-variable/figtree": "^5.2.10",
        "@internationalized/date": "^3.12.1",
        "@sveltejs/vite-plugin-svelte": "^7.1.2",
        "@tailwindcss/vite": "^4.3.0",
        "@types/node": "^25.7.0",
        "@types/three": "^0.184.1",
        "bits-ui": "^2.18.1",
        "shadcn-svelte": "^1.2.7",
        "svelte": "^5.55.5",
        "svelte-check": "^4.4.8",
        "tailwind-variants": "^3.2.2",
        "tailwindcss": "^4.3.0",
        "typescript": "^6.0.3",
        "vite": "^8.0.12",
      },
    },
  },
  "packages": {
    "@dimforge/rapier3d-compat": ["@dimforge/rapier3d-compat@0.12.0", "", {}, "sha512-uekIGetywIgopfD97oDL5PfeezkFpNhwlzlaEYNOA0N6ghdsOvh/HYjSMek5Q2O1PYvRSDFcqFVJl4r4ZBwOow=="],

    "@emnapi/core": ["@emnapi/core@1.10.0", "", { "dependencies": { "@emnapi/wasi-threads": "1.2.1", "tslib": "^2.4.0" } }, "sha512-yq6OkJ4p82CAfPl0u9mQebQHKPJkY7WrIuk205cTYnYe+k2Z8YBh11FrbRG/H6ihirqcacOgl2BIO8oyMQLeXw=="],

    "@emnapi/runtime": ["@emnapi/runtime@1.10.0", "", { "dependencies": { "tslib": "^2.4.0" } }, "sha512-ewvYlk86xUoGI0zQRNq/mC+16R1QeDlKQy21Ki3oSYXNgLb45GV1P6A0M+/s6nyCuNDqe5VpaY84BzXGwVbwFA=="],

    "@emnapi/wasi-threads": ["@emnapi/wasi-threads@1.2.1", "", { "dependencies": { "tslib": "^2.4.0" } }, "sha512-uTII7OYF+/Mes/MrcIOYp5yOtSMLBWSIoLPpcgwipoiKbli6k322tcoFsxoIIxPDqW01SQGAgko4EzZi2BNv2w=="],

    "@floating-ui/core": ["@floating-ui/core@1.7.5", "", { "dependencies": { "@floating-ui/utils": "^0.2.11" } }, "sha512-1Ih4WTWyw0+lKyFMcBHGbb5U5FtuHJuujoyyr5zTaWS5EYMeT6Jb2AuDeftsCsEuchO+mM2ij5+q9crhydzLhQ=="],

    "@floating-ui/dom": ["@floating-ui/dom@1.7.6", "", { "dependencies": { "@floating-ui/core": "^1.7.5", "@floating-ui/utils": "^0.2.11" } }, "sha512-9gZSAI5XM36880PPMm//9dfiEngYoC6Am2izES1FF406YFsjvyBMmeJ2g4SAju3xWwtuynNRFL2s9hgxpLI5SQ=="],

    "@floating-ui/utils": ["@floating-ui/utils@0.2.11", "", {}, "sha512-RiB/yIh78pcIxl6lLMG0CgBXAZ2Y0eVHqMPYugu+9U0AeT6YBeiJpf7lbdJNIugFP5SIjwNRgo4DhR1Qxi26Gg=="],

    "@fontsource-variable/figtree": ["@fontsource-variable/figtree@5.2.10", "", {}, "sha512-a5Gumbpy3mdd+Yg31g6Qb7CmjYbrfyutJa3bWfP5q8A4GclIOwX7mI+ZuSHsJnw/mHvW6r9oh1AHJcJTIxK4JA=="],

    "@hugeicons/core-free-icons": ["@hugeicons/core-free-icons@4.1.3", "", {}, "sha512-FWPrKnlYKpSaitUtlZhFlDQXDgHiayTPFJYWvyIKkW2RI6Vj5KBvjxI+lAnnFPu07SwgIMiDDj+Gttl0t+o/oQ=="],

    "@hugeicons/svelte": ["@hugeicons/svelte@1.1.2", "", { "peerDependencies": { "svelte": "^5.0.0" } }, "sha512-yYmLFE+tq/mJmmjNaGxnaA99+H9yOzZmWJOMxKd9g9EJ8FCTCG8jpTgzVSv5bpuXDjQZFIGJz+Z/syiXhrS0mA=="],

    "@internationalized/date": ["@internationalized/date@3.12.1", "", { "dependencies": { "@swc/helpers": "^0.5.0" } }, "sha512-6IedsVWXyq4P9Tj+TxuU8WGWM70hYLl12nbYU8jkikVpa6WXapFazPUcHUMDMoWftIDE2ILDkFFte6W2nFCkRQ=="],

    "@jridgewell/gen-mapping": ["@jridgewell/gen-mapping@0.3.13", "", { "dependencies": { "@jridgewell/sourcemap-codec": "^1.5.0", "@jridgewell/trace-mapping": "^0.3.24" } }, "sha512-2kkt/7niJ6MgEPxF0bYdQ6etZaA+fQvDcLKckhy1yIQOzaoKjBBjSj63/aLVjYE3qhRt5dvM+uUyfCg6UKCBbA=="],

    "@jridgewell/remapping": ["@jridgewell/remapping@2.3.5", "", { "dependencies": { "@jridgewell/gen-mapping": "^0.3.5", "@jridgewell/trace-mapping": "^0.3.24" } }, "sha512-LI9u/+laYG4Ds1TDKSJW2YPrIlcVYOwi2fUC6xB43lueCjgxV4lffOCZCtYFiH6TNOX+tQKXx97T4IKHbhyHEQ=="],

    "@jridgewell/resolve-uri": ["@jridgewell/resolve-uri@3.1.2", "", {}, "sha512-bRISgCIjP20/tbWSPWMEi54QVPRZExkuD9lJL+UIxUKtwVJA8wW1Trb1jMs1RFXo1CBTNZ/5hpC9QvmKWdopKw=="],

    "@jridgewell/sourcemap-codec": ["@jridgewell/sourcemap-codec@1.5.5", "", {}, "sha512-cYQ9310grqxueWbl+WuIUIaiUaDcj7WOq5fVhEljNVgRfOUhY9fy2zTvfoqWsnebh8Sl70VScFbICvJnLKB0Og=="],

    "@jridgewell/trace-mapping": ["@jridgewell/trace-mapping@0.3.31", "", { "dependencies": { "@jridgewell/resolve-uri": "^3.1.0", "@jridgewell/sourcemap-codec": "^1.4.14" } }, "sha512-zzNR+SdQSDJzc8joaeP8QQoCQr8NuYx2dIIytl1QeBEZHJ9uW6hebsrYgbz8hJwUQao3TWCMtmfV8Nu1twOLAw=="],

    "@napi-rs/wasm-runtime": ["@napi-rs/wasm-runtime@1.1.4", "", { "dependencies": { "@tybys/wasm-util": "^0.10.1" }, "peerDependencies": { "@emnapi/core": "^1.7.1", "@emnapi/runtime": "^1.7.1" } }, "sha512-3NQNNgA1YSlJb/kMH1ildASP9HW7/7kYnRI2szWJaofaS1hWmbGI4H+d3+22aGzXXN9IJ+n+GiFVcGipJP18ow=="],

    "@oxc-project/types": ["@oxc-project/types@0.129.0", "", {}, "sha512-3oz8m3FGdr2nDXVqmFUw7jolKliC4MoyXYIG2c7gpjBnzUWQpUGIYcXYKxTdTi+N2jusvt610ckTMkxdwHkYEg=="],

    "@rolldown/binding-android-arm64": ["@rolldown/binding-android-arm64@1.0.0", "", { "os": "android", "cpu": "arm64" }, "sha512-TWMZnRLMe63C2Lhyicviu7ZHaU4kxa6PS3rofvc9GmcvptzNN11BcfQ4Sl7MwTOsisQoa2keB/EBdNCAnUo8vA=="],

    "@rolldown/binding-darwin-arm64": ["@rolldown/binding-darwin-arm64@1.0.0", "", { "os": "darwin", "cpu": "arm64" }, "sha512-6XcD+8k0gPVItNagEw78/qqcBDwKcwDYS8V2hRmVsfUSIrd8cWe/CBvRDI5toqFyPfj+FJr6t8U6Xj2P2prEew=="],

    "@rolldown/binding-darwin-x64": ["@rolldown/binding-darwin-x64@1.0.0", "", { "os": "darwin", "cpu": "x64" }, "sha512-iN/tWVXRQDWvmZlKdceP1Dwug9GDpEymhb9p4xnEe6zvCg5lFmzVljl+1qR1NVx3yfGpr2Na+CuLmv5IU8uzfQ=="],

    "@rolldown/binding-freebsd-x64": ["@rolldown/binding-freebsd-x64@1.0.0", "", { "os": "freebsd", "cpu": "x64" }, "sha512-jjQMDvvwSOuhOwMszD/klSOjyWMM3zI64hWTj9KT5x4MxRbZAf+7vLQ6qouRhtsLVFHr3f0ILaJAfgENPiQdAQ=="],

    "@rolldown/binding-linux-arm-gnueabihf": ["@rolldown/binding-linux-arm-gnueabihf@1.0.0", "", { "os": "linux", "cpu": "arm" }, "sha512-d//Dtg2x6/m3mbV64yUGNnDGNZaDGRpDLLNGerHQUVObuNaIQaaDp25yUiqGXtHEXX+NP2d0wAlmKgpYgIAJ2A=="],

    "@rolldown/binding-linux-arm64-gnu": ["@rolldown/binding-linux-arm64-gnu@1.0.0", "", { "os": "linux", "cpu": "arm64" }, "sha512-n7Ofp0mx+aB2cC+Sdy5YtMnXtY9lchnHbY+3Yt0uq9JsWQExf4f5Whu0tK0R8Jdc9S6RchTHjIFY7uc92puOVQ=="],

    "@rolldown/binding-linux-arm64-musl": ["@rolldown/binding-linux-arm64-musl@1.0.0", "", { "os": "linux", "cpu": "arm64" }, "sha512-EIVjy2cgd7uuMMo94FVkBp7F6DhcZAUwNURkSG3RwUmvAXR6s0ISxM81U+IydcZByPG0pZIHsf1b6kTxoFDgJA=="],

    "@rolldown/binding-linux-ppc64-gnu": ["@rolldown/binding-linux-ppc64-gnu@1.0.0", "", { "os": "linux", "cpu": "ppc64" }, "sha512-JEwwOPcwTLAcpDQlqSmjEmfs63xJnSiUNIGvLcDLUHCWK4XowpS/7c7tUsUH6uT/ct6bMUTdXKfI8967FYj6mg=="],

    "@rolldown/binding-linux-s390x-gnu": ["@rolldown/binding-linux-s390x-gnu@1.0.0", "", { "os": "linux", "cpu": "s390x" }, "sha512-0wjCFhLrihtAubnT9iA0N++0pSV0z5Hg7tNGdNJ4RFaINceHadoF+kiFGyY1qSSNVIAZtLotG8Ju1bgDPkjnFA=="],

    "@rolldown/binding-linux-x64-gnu": ["@rolldown/binding-linux-x64-gnu@1.0.0", "", { "os": "linux", "cpu": "x64" }, "sha512-Dfn7iak9BcMMePxcoJfpSbWqnEyrp/dRF63/8qW/eHBdOZov6x5aShLLEYGYdIeSJ6vMLK/XCVB+lGIxm41bQA=="],

    "@rolldown/binding-linux-x64-musl": ["@rolldown/binding-linux-x64-musl@1.0.0", "", { "os": "linux", "cpu": "x64" }, "sha512-5/utzzDmD/pD/bmuaUcbTf/sZYy0aztwIVlfpoW1fTjCZ0BaPOMVWGZL1zvgxyi7ZIVYWlxKONHmSbHuiOh8Jw=="],

    "@rolldown/binding-openharmony-arm64": ["@rolldown/binding-openharmony-arm64@1.0.0", "", { "os": "none", "cpu": "arm64" }, "sha512-ouJs8VcUomfLfpbUECqFMRqdV4x6aeAK3MA4m6vTrJJjKyWTV5KnxZx7Jd9G+GlDaQQxubcba00x16OyJ1meig=="],

    "@rolldown/binding-wasm32-wasi": ["@rolldown/binding-wasm32-wasi@1.0.0", "", { "dependencies": { "@emnapi/core": "1.10.0", "@emnapi/runtime": "1.10.0", "@napi-rs/wasm-runtime": "^1.1.4" }, "cpu": "none" }, "sha512-E+oHKGiDA+lsKMmFtffDDw91EryDT7uJocrIuCHqhm6bCTM6xFK+3gaCkYOHfPwQr0cCNarSM2xaELoQDz9jJg=="],

    "@rolldown/binding-win32-arm64-msvc": ["@rolldown/binding-win32-arm64-msvc@1.0.0", "", { "os": "win32", "cpu": "arm64" }, "sha512-yYK02n8Rngo+gbm1y6G0+7jk1sJ/2Wt7K0me0Y7k/ErBpyf+LJ2gFpqWVTcRV1rUepBlQRmpgWkTQCiiwrK0Ow=="],

    "@rolldown/binding-win32-x64-msvc": ["@rolldown/binding-win32-x64-msvc@1.0.0", "", { "os": "win32", "cpu": "x64" }, "sha512-14bpChMahXRRXiTwahSl+zzHPW6qQTXtkMuJBFlbo+pqSAews2d4BdCSHfrJ/MBsCZtpmTafsY+1QhBzitcmdg=="],

    "@rolldown/pluginutils": ["@rolldown/pluginutils@1.0.0", "", {}, "sha512-aKs/3GSWyV0mrhNmt/96/Z3yczC3yvrzYATCiCXQebBsGyYzjNdUphRVLeJQ67ySKVXRfMxt2lm12pmXvbPFQQ=="],

    "@sveltejs/acorn-typescript": ["@sveltejs/acorn-typescript@1.0.9", "", { "peerDependencies": { "acorn": "^8.9.0" } }, "sha512-lVJX6qEgs/4DOcRTpo56tmKzVPtoWAaVbL4hfO7t7NVwl9AAXzQR6cihesW1BmNMPl+bK6dreu2sOKBP2Q9CIA=="],

    "@sveltejs/vite-plugin-svelte": ["@sveltejs/vite-plugin-svelte@7.1.2", "", { "dependencies": { "deepmerge": "^4.3.1", "magic-string": "^0.30.21", "obug": "^2.1.0", "vitefu": "^1.1.2" }, "peerDependencies": { "svelte": "^5.46.4", "vite": "^8.0.0-beta.7 || ^8.0.0" } }, "sha512-DrUBA2UXRfDmUX/ZTiEopd3X40yavsJF1FX2RygcuIScHL7o5YX1fMvoYnDhjeJQC4weCOklirpNWlcb2NiSeA=="],

    "@swc/helpers": ["@swc/helpers@0.5.21", "", { "dependencies": { "tslib": "^2.8.0" } }, "sha512-jI/VAmtdjB/RnI8GTnokyX7Ug8c+g+ffD6QRLa6XQewtnGyukKkKSk3wLTM3b5cjt1jNh9x0jfVlagdN2gDKQg=="],

    "@tailwindcss/node": ["@tailwindcss/node@4.3.0", "", { "dependencies": { "@jridgewell/remapping": "^2.3.5", "enhanced-resolve": "^5.21.0", "jiti": "^2.6.1", "lightningcss": "1.32.0", "magic-string": "^0.30.21", "source-map-js": "^1.2.1", "tailwindcss": "4.3.0" } }, "sha512-aFb4gUhFOgdh9AXo4IzBEOzBkkAxm9VigwDJnMIYv3lcfXCJVesNfbEaBl4BNgVRyid92AmdviqwBUBRKSeY3g=="],

    "@tailwindcss/oxide": ["@tailwindcss/oxide@4.3.0", "", { "optionalDependencies": { "@tailwindcss/oxide-android-arm64": "4.3.0", "@tailwindcss/oxide-darwin-arm64": "4.3.0", "@tailwindcss/oxide-darwin-x64": "4.3.0", "@tailwindcss/oxide-freebsd-x64": "4.3.0", "@tailwindcss/oxide-linux-arm-gnueabihf": "4.3.0", "@tailwindcss/oxide-linux-arm64-gnu": "4.3.0", "@tailwindcss/oxide-linux-arm64-musl": "4.3.0", "@tailwindcss/oxide-linux-x64-gnu": "4.3.0", "@tailwindcss/oxide-linux-x64-musl": "4.3.0", "@tailwindcss/oxide-wasm32-wasi": "4.3.0", "@tailwindcss/oxide-win32-arm64-msvc": "4.3.0", "@tailwindcss/oxide-win32-x64-msvc": "4.3.0" } }, "sha512-F7HZGBeN9I0/AuuJS5PwcD8xayx5ri5GhjYUDBEVYUkexyA/giwbDNjRVrxSezE3T250OU2K/wp/ltWx3UOefg=="],

    "@tailwindcss/oxide-android-arm64": ["@tailwindcss/oxide-android-arm64@4.3.0", "", { "os": "android", "cpu": "arm64" }, "sha512-TJPiq67tKlLuObP6RkwvVGDoxCMBVtDgKkLfa/uyj7/FyxvQwHS+UOnVrXXgbEsfUaMgiVvC4KbJnRr26ho4Ng=="],

    "@tailwindcss/oxide-darwin-arm64": ["@tailwindcss/oxide-darwin-arm64@4.3.0", "", { "os": "darwin", "cpu": "arm64" }, "sha512-oMN/WZRb+SO37BmUElEgeEWuU8E/HXRkiODxJxLe1UTHVXLrdVSgfaJV7pSlhRGMSOiXLuxTIjfsF3wYvz8cgQ=="],

    "@tailwindcss/oxide-darwin-x64": ["@tailwindcss/oxide-darwin-x64@4.3.0", "", { "os": "darwin", "cpu": "x64" }, "sha512-N6CUmu4a6bKVADfw77p+iw6Yd9Q3OBhe0veaDX+QazfuVYlQsHfDgxBrsjQ/IW+zywL8mTrNd0SdJT/zgtvMdA=="],

    "@tailwindcss/oxide-freebsd-x64": ["@tailwindcss/oxide-freebsd-x64@4.3.0", "", { "os": "freebsd", "cpu": "x64" }, "sha512-zDL5hBkQdH5C6MpqbK3gQAgP80tsMwSI26vjOzjJtNCMUo0lFgOItzHKBIupOZNQxt3ouPH7RPhvNhiTfCe5CQ=="],

    "@tailwindcss/oxide-linux-arm-gnueabihf": ["@tailwindcss/oxide-linux-arm-gnueabihf@4.3.0", "", { "os": "linux", "cpu": "arm" }, "sha512-R06HdNi7A7OEoMsf6d4tjZ71RCWnZQPHj2mnotSFURjNLdBC+cIgXQ7l81CqeoiQftjf6OOblxXMInMgN2VzMA=="],

    "@tailwindcss/oxide-linux-arm64-gnu": ["@tailwindcss/oxide-linux-arm64-gnu@4.3.0", "", { "os": "linux", "cpu": "arm64" }, "sha512-qTJHELX8jetjhRQHCLilkVLmybpzNQAtaI/gaoVoidn/ufbNDbAo8KlK2J+yPoc8wQxvDxCmh/5lr8nC1+lTbg=="],

    "@tailwindcss/oxide-linux-arm64-musl": ["@tailwindcss/oxide-linux-arm64-musl@4.3.0", "", { "os": "linux", "cpu": "arm64" }, "sha512-Z6sukiQsngnWO+l39X4pPbiWT81IC+PLKF+PHxIlyZbGNb9MODfYlXEVlFvej5BOZInWX01kVyzeLvHsXhfczQ=="],

    "@tailwindcss/oxide-linux-x64-gnu": ["@tailwindcss/oxide-linux-x64-gnu@4.3.0", "", { "os": "linux", "cpu": "x64" }, "sha512-DRNdQRpSGzRGfARVuVkxvM8Q12nh19l4BF/G7zGA1oe+9wcC6saFBHTISrpIcKzhiXtSrlSrluCfvMuledoCTQ=="],

    "@tailwindcss/oxide-linux-x64-musl": ["@tailwindcss/oxide-linux-x64-musl@4.3.0", "", { "os": "linux", "cpu": "x64" }, "sha512-Z0IADbDo8bh6I7h2IQMx601AdXBLfFpEdUotft86evd/8ZPflZe9COPO8Q1vw+pfLWIUo9zN/JGZvwuAJqduqg=="],

    "@tailwindcss/oxide-wasm32-wasi": ["@tailwindcss/oxide-wasm32-wasi@4.3.0", "", { "dependencies": { "@emnapi/core": "^1.10.0", "@emnapi/runtime": "^1.10.0", "@emnapi/wasi-threads": "^1.2.1", "@napi-rs/wasm-runtime": "^1.1.4", "@tybys/wasm-util": "^0.10.1", "tslib": "^2.8.1" }, "cpu": "none" }, "sha512-HNZGOUxEmElksYR7S6sC5jTeNGpobAsy9u7Gu0AskJ8/20FR9GqebUyB+HBcU/ax6BHuiuJi+Oda4B+YX6H1yA=="],

    "@tailwindcss/oxide-win32-arm64-msvc": ["@tailwindcss/oxide-win32-arm64-msvc@4.3.0", "", { "os": "win32", "cpu": "arm64" }, "sha512-Pe+RPVTi1T+qymuuRpcdvwSVZjnll/f7n8gBxMMh3xLTctMDKqpdfGimbMyioqtLhUYZxdJ9wGNhV7MKHvgZsQ=="],

    "@tailwindcss/oxide-win32-x64-msvc": ["@tailwindcss/oxide-win32-x64-msvc@4.3.0", "", { "os": "win32", "cpu": "x64" }, "sha512-Mvrf2kXW/yeW/OTezZlCGOirXRcUuLIBx/5Y12BaPM7wJoryG6dfS/NJL8aBPqtTEx/Vm4T4vKzFUcKDT+TKUA=="],

    "@tailwindcss/vite": ["@tailwindcss/vite@4.3.0", "", { "dependencies": { "@tailwindcss/node": "4.3.0", "@tailwindcss/oxide": "4.3.0", "tailwindcss": "4.3.0" }, "peerDependencies": { "vite": "^5.2.0 || ^6 || ^7 || ^8" } }, "sha512-t6J3OrB5Fc0ExuhohouH0fWUGMYL6PTLhW+E7zIk/pdbnJARZDCwjBznFnkh5ynRnIRSI4YjtTH0t6USjJISrw=="],

    "@tweenjs/tween.js": ["@tweenjs/tween.js@23.1.3", "", {}, "sha512-vJmvvwFxYuGnF2axRtPYocag6Clbb5YS7kLL+SO/TeVFzHqDIWrNKYtcsPMibjDx9O+bu+psAy9NKfWklassUA=="],

    "@tybys/wasm-util": ["@tybys/wasm-util@0.10.2", "", { "dependencies": { "tslib": "^2.4.0" } }, "sha512-RoBvJ2X0wuKlWFIjrwffGw1IqZHKQqzIchKaadZZfnNpsAYp2mM0h36JtPCjNDAHGgYez/15uMBpfGwchhiMgg=="],

    "@types/estree": ["@types/estree@1.0.9", "", {}, "sha512-GhdPgy1el4/ImP05X05Uw4cw2/M93BCUmnEvWZNStlCzEKME4Fkk+YpoA5OiHNQmoS7Cafb8Xa3Pya8m1Qrzeg=="],

    "@types/node": ["@types/node@25.7.0", "", { "dependencies": { "undici-types": "~7.21.0" } }, "sha512-z+pdZyxE+RTQE9AcboAZCb4otwcrvgHD+GlBpPgn0emDVt0ohrTMhAwlr2Wd9nZ+nihhYFxO2pThz3C5qSu2Eg=="],

    "@types/stats.js": ["@types/stats.js@0.17.4", "", {}, "sha512-jIBvWWShCvlBqBNIZt0KAshWpvSjhkwkEu4ZUcASoAvhmrgAUI2t1dXrjSL4xXVLB4FznPrIsX3nKXFl/Dt4vA=="],

    "@types/three": ["@types/three@0.184.1", "", { "dependencies": { "@dimforge/rapier3d-compat": "~0.12.0", "@tweenjs/tween.js": "~23.1.3", "@types/stats.js": "*", "@types/webxr": ">=0.5.17", "fflate": "~0.8.2", "meshoptimizer": "~1.1.1" } }, "sha512-6q4VdiqVsrTRqmk62/BnlcAvIrnDM0zf2ZDVKI5kZiniWrSaOHaQzmbp+BNzoggc/8tgW412pL//wZIxu2PPTA=="],

    "@types/trusted-types": ["@types/trusted-types@2.0.7", "", {}, "sha512-ScaPdn1dQczgbl0QFTeTOmVHFULt394XJgOQNoyVhZ6r2vLnMLJfBPd53SB52T/3G36VI1/g2MZaX0cwDuXsfw=="],

    "@types/webxr": ["@types/webxr@0.5.24", "", {}, "sha512-h8fgEd/DpoS9CBrjEQXR+dIDraopAEfu4wYVNY2tEPwk60stPWhvZMf4Foo5FakuQ7HFZoa8WceaWFervK2Ovg=="],

    "acorn": ["acorn@8.16.0", "", { "bin": { "acorn": "bin/acorn" } }, "sha512-UVJyE9MttOsBQIDKw1skb9nAwQuR5wuGD3+82K6JgJlm/Y+KI92oNsMNGZCYdDsVtRHSak0pcV5Dno5+4jh9sw=="],

    "aria-query": ["aria-query@5.3.1", "", {}, "sha512-Z/ZeOgVl7bcSYZ/u/rh0fOpvEpq//LZmdbkXyc7syVzjPAhfOa9ebsdTSjEBDU4vs5nC98Kfduj1uFo0qyET3g=="],

    "axobject-query": ["axobject-query@4.1.0", "", {}, "sha512-qIj0G9wZbMGNLjLmg1PT6v2mE9AH2zlnADJD/2tC6E00hgmhUOfEB6greHPAfLRSufHqROIUTkw6E+M3lH0PTQ=="],

    "bits-ui": ["bits-ui@2.18.1", "", { "dependencies": { "@floating-ui/core": "^1.7.1", "@floating-ui/dom": "^1.7.1", "esm-env": "^1.1.2", "runed": "^0.35.1", "svelte-toolbelt": "^0.10.6", "tabbable": "^6.2.0" }, "peerDependencies": { "@internationalized/date": "^3.8.1", "svelte": "^5.33.0" } }, "sha512-KkemzKFH4T3gt3H+P86JcnAWExjByv/6vlwjm/BoCwTPHu03yiCdxbghdJLvFReQTe0acCAiRcKfmixxD6XvlA=="],

    "chokidar": ["chokidar@4.0.3", "", { "dependencies": { "readdirp": "^4.0.1" } }, "sha512-Qgzu8kfBvo+cA4962jnP1KkS6Dop5NS6g7R5LFYJr4b8Ub94PPQXUksCw9PvXoeXPRRddRNC5C1JQUR2SMGtnA=="],

    "clsx": ["clsx@2.1.1", "", {}, "sha512-eYm0QWBtUrBWZWG0d386OGAw16Z995PiOVo2B7bjWSbHedGl5e0ZWaq65kOGgUSNesEIDkB9ISbTg/JK9dhCZA=="],

    "commander": ["commander@14.0.3", "", {}, "sha512-H+y0Jo/T1RZ9qPP4Eh1pkcQcLRglraJaSLoyOtHxu6AapkjWVCy2Sit1QQ4x3Dng8qDlSsZEet7g5Pq06MvTgw=="],

    "deepmerge": ["deepmerge@4.3.1", "", {}, "sha512-3sUqbMEc77XqpdNO7FRyRog+eW3ph+GYCbj+rK+uYyRMuwsVy0rMiVtPn+QJlKFvWP/1PYpapqYn0Me2knFn+A=="],

    "dequal": ["dequal@2.0.3", "", {}, "sha512-0je+qPKHEMohvfRTCEo3CrPG6cAzAYgmzKyxRiYSSDkS6eGJdyVJm7WaYA5ECaAD9wLB2T4EEeymA5aFVcYXCA=="],

    "detect-libc": ["detect-libc@2.1.2", "", {}, "sha512-Btj2BOOO83o3WyH59e8MgXsxEQVcarkUOpEYrubB0urwnN10yQ364rsiByU11nZlqWYZm05i/of7io4mzihBtQ=="],

    "devalue": ["devalue@5.8.1", "", {}, "sha512-4CXDYRBGqN+57wVJkuXBYmpAVUSg3L6JAQa/DFqm238G73E1wuyc/JhGQJzN7vUf/CMphYau2zXbfWzDR5aTEw=="],

    "enhanced-resolve": ["enhanced-resolve@5.21.5", "", { "dependencies": { "graceful-fs": "^4.2.4", "tapable": "^2.3.3" } }, "sha512-mLCNbrQli11K1ySUmuNt4ZUB3OpGIDq4q2vTBTf5cL2lpsRjI9QKqSD0ndjW8FyvcW/Jj46gMe9syyHAsvMa/A=="],

    "esm-env": ["esm-env@1.2.2", "", {}, "sha512-Epxrv+Nr/CaL4ZcFGPJIYLWFom+YeV1DqMLHJoEd9SYRxNbaFruBwfEX/kkHUJf55j2+TUbmDcmuilbP1TmXHA=="],

    "esrap": ["esrap@2.2.9", "", { "dependencies": { "@jridgewell/sourcemap-codec": "^1.4.15" }, "peerDependencies": { "@typescript-eslint/types": "^8.2.0" }, "optionalPeers": ["@typescript-eslint/types"] }, "sha512-4KijP+NxCWthMCUC3qHbE6n4vCjqgJS1uAYKhuT/GWfFTf1Qyive2TgOjep+gzbSzRfnNyaN/UU9YmdOt8Eg0A=="],

    "fdir": ["fdir@6.5.0", "", { "peerDependencies": { "picomatch": "^3 || ^4" }, "optionalPeers": ["picomatch"] }, "sha512-tIbYtZbucOs0BRGqPJkshJUYdL+SDH7dVM8gjy+ERp3WAUjLEFJE+02kanyHtwjWOnwrKYBiwAmM0p4kLJAnXg=="],

    "fflate": ["fflate@0.8.3", "", {}, "sha512-tbZNuJrLwGUp3zshBtdy4W+ORxZuIh8a5ilyIEQDC5rY1f3U20JMry0Ll3WBzU58EZKsEuJFXhb5gwv8CsPvgA=="],

    "fsevents": ["fsevents@2.3.3", "", { "os": "darwin" }, "sha512-5xoDfX+fL7faATnagmWPpbFtwh/R77WmMMqqHGS65C3vvB0YHrgF+B1YmZ3441tMj5n63k0212XNoJwzlhffQw=="],

    "graceful-fs": ["graceful-fs@4.2.11", "", {}, "sha512-RbJ5/jmFcNNCcDV5o9eTnBLJ/HszWV0P73bc+Ff4nS/rJj+YaS6IGyiOL0VoBYX+l1Wrl3k63h/KrH+nhJ0XvQ=="],

    "inline-style-parser": ["inline-style-parser@0.2.7", "", {}, "sha512-Nb2ctOyNR8DqQoR0OwRG95uNWIC0C1lCgf5Naz5H6Ji72KZ8OcFZLz2P5sNgwlyoJ8Yif11oMuYs5pBQa86csA=="],

    "is-reference": ["is-reference@3.0.3", "", { "dependencies": { "@types/estree": "^1.0.6" } }, "sha512-ixkJoqQvAP88E6wLydLGGqCJsrFUnqoH6HnaczB8XmDH1oaWU+xxdptvikTgaEhtZ53Ky6YXiBuUI2WXLMCwjw=="],

    "jiti": ["jiti@2.7.0", "", { "bin": { "jiti": "lib/jiti-cli.mjs" } }, "sha512-AC/7JofJvZGrrneWNaEnJeOLUx+JlGt7tNa0wZiRPT4MY1wmfKjt2+6O2p2uz2+skll8OZZmJMNqeke7kKbNgQ=="],

    "lightningcss": ["lightningcss@1.32.0", "", { "dependencies": { "detect-libc": "^2.0.3" }, "optionalDependencies": { "lightningcss-android-arm64": "1.32.0", "lightningcss-darwin-arm64": "1.32.0", "lightningcss-darwin-x64": "1.32.0", "lightningcss-freebsd-x64": "1.32.0", "lightningcss-linux-arm-gnueabihf": "1.32.0", "lightningcss-linux-arm64-gnu": "1.32.0", "lightningcss-linux-arm64-musl": "1.32.0", "lightningcss-linux-x64-gnu": "1.32.0", "lightningcss-linux-x64-musl": "1.32.0", "lightningcss-win32-arm64-msvc": "1.32.0", "lightningcss-win32-x64-msvc": "1.32.0" } }, "sha512-NXYBzinNrblfraPGyrbPoD19C1h9lfI/1mzgWYvXUTe414Gz/X1FD2XBZSZM7rRTrMA8JL3OtAaGifrIKhQ5yQ=="],

    "lightningcss-android-arm64": ["lightningcss-android-arm64@1.32.0", "", { "os": "android", "cpu": "arm64" }, "sha512-YK7/ClTt4kAK0vo6w3X+Pnm0D2cf2vPHbhOXdoNti1Ga0al1P4TBZhwjATvjNwLEBCnKvjJc2jQgHXH0NEwlAg=="],

    "lightningcss-darwin-arm64": ["lightningcss-darwin-arm64@1.32.0", "", { "os": "darwin", "cpu": "arm64" }, "sha512-RzeG9Ju5bag2Bv1/lwlVJvBE3q6TtXskdZLLCyfg5pt+HLz9BqlICO7LZM7VHNTTn/5PRhHFBSjk5lc4cmscPQ=="],

    "lightningcss-darwin-x64": ["lightningcss-darwin-x64@1.32.0", "", { "os": "darwin", "cpu": "x64" }, "sha512-U+QsBp2m/s2wqpUYT/6wnlagdZbtZdndSmut/NJqlCcMLTWp5muCrID+K5UJ6jqD2BFshejCYXniPDbNh73V8w=="],

    "lightningcss-freebsd-x64": ["lightningcss-freebsd-x64@1.32.0", "", { "os": "freebsd", "cpu": "x64" }, "sha512-JCTigedEksZk3tHTTthnMdVfGf61Fky8Ji2E4YjUTEQX14xiy/lTzXnu1vwiZe3bYe0q+SpsSH/CTeDXK6WHig=="],

    "lightningcss-linux-arm-gnueabihf": ["lightningcss-linux-arm-gnueabihf@1.32.0", "", { "os": "linux", "cpu": "arm" }, "sha512-x6rnnpRa2GL0zQOkt6rts3YDPzduLpWvwAF6EMhXFVZXD4tPrBkEFqzGowzCsIWsPjqSK+tyNEODUBXeeVHSkw=="],

    "lightningcss-linux-arm64-gnu": ["lightningcss-linux-arm64-gnu@1.32.0", "", { "os": "linux", "cpu": "arm64" }, "sha512-0nnMyoyOLRJXfbMOilaSRcLH3Jw5z9HDNGfT/gwCPgaDjnx0i8w7vBzFLFR1f6CMLKF8gVbebmkUN3fa/kQJpQ=="],

    "lightningcss-linux-arm64-musl": ["lightningcss-linux-arm64-musl@1.32.0", "", { "os": "linux", "cpu": "arm64" }, "sha512-UpQkoenr4UJEzgVIYpI80lDFvRmPVg6oqboNHfoH4CQIfNA+HOrZ7Mo7KZP02dC6LjghPQJeBsvXhJod/wnIBg=="],

    "lightningcss-linux-x64-gnu": ["lightningcss-linux-x64-gnu@1.32.0", "", { "os": "linux", "cpu": "x64" }, "sha512-V7Qr52IhZmdKPVr+Vtw8o+WLsQJYCTd8loIfpDaMRWGUZfBOYEJeyJIkqGIDMZPwPx24pUMfwSxxI8phr/MbOA=="],

    "lightningcss-linux-x64-musl": ["lightningcss-linux-x64-musl@1.32.0", "", { "os": "linux", "cpu": "x64" }, "sha512-bYcLp+Vb0awsiXg/80uCRezCYHNg1/l3mt0gzHnWV9XP1W5sKa5/TCdGWaR/zBM2PeF/HbsQv/j2URNOiVuxWg=="],

    "lightningcss-win32-arm64-msvc": ["lightningcss-win32-arm64-msvc@1.32.0", "", { "os": "win32", "cpu": "arm64" }, "sha512-8SbC8BR40pS6baCM8sbtYDSwEVQd4JlFTOlaD3gWGHfThTcABnNDBda6eTZeqbofalIJhFx0qKzgHJmcPTnGdw=="],

    "lightningcss-win32-x64-msvc": ["lightningcss-win32-x64-msvc@1.32.0", "", { "os": "win32", "cpu": "x64" }, "sha512-Amq9B/SoZYdDi1kFrojnoqPLxYhQ4Wo5XiL8EVJrVsB8ARoC1PWW6VGtT0WKCemjy8aC+louJnjS7U18x3b06Q=="],

    "locate-character": ["locate-character@3.0.0", "", {}, "sha512-SW13ws7BjaeJ6p7Q6CO2nchbYEc3X3J6WrmTTDto7yMPqVSZTUyY5Tjbid+Ab8gLnATtygYtiDIJGQRRn2ZOiA=="],

    "lz-string": ["lz-string@1.5.0", "", { "bin": { "lz-string": "bin/bin.js" } }, "sha512-h5bgJWpxJNswbU7qCrV0tIKQCaS3blPDrqKWx+QxzuzL1zGUzij9XCWLrSLsJPu5t+eWA/ycetzYAO5IOMcWAQ=="],

    "magic-string": ["magic-string@0.30.21", "", { "dependencies": { "@jridgewell/sourcemap-codec": "^1.5.5" } }, "sha512-vd2F4YUyEXKGcLHoq+TEyCjxueSeHnFxyyjNp80yg0XV4vUhnDer/lvvlqM/arB5bXQN5K2/3oinyCRyx8T2CQ=="],

    "meshoptimizer": ["meshoptimizer@1.1.1", "", {}, "sha512-oRFNWJRDA/WTrVj7NWvqa5HqE1t9MYDj2VaWirQCzCCrAd2GHrqR/sQezCxiWATPNlKTcRaPRHPJwIRoPBAp5g=="],

    "mri": ["mri@1.2.0", "", {}, "sha512-tzzskb3bG8LvYGFF/mDTpq3jpI6Q9wc3LEmBaghu+DdCssd1FakN7Bc0hVNmEyGq1bq3RgfkCb3cmQLpNPOroA=="],

    "nanoid": ["nanoid@3.3.12", "", { "bin": { "nanoid": "bin/nanoid.cjs" } }, "sha512-ZB9RH/39qpq5Vu6Y+NmUaFhQR6pp+M2Xt76XBnEwDaGcVAqhlvxrl3B2bKS5D3NH3QR76v3aSrKaF/Kiy7lEtQ=="],

    "node-fetch-native": ["node-fetch-native@1.6.7", "", {}, "sha512-g9yhqoedzIUm0nTnTqAQvueMPVOuIY16bqgAJJC8XOOubYFNwz6IER9qs0Gq2Xd0+CecCKFjtdDTMA4u4xG06Q=="],

    "obug": ["obug@2.1.1", "", {}, "sha512-uTqF9MuPraAQ+IsnPf366RG4cP9RtUi7MLO1N3KEc+wb0a6yKpeL0lmk2IB1jY5KHPAlTc6T/JRdC/YqxHNwkQ=="],

    "picocolors": ["picocolors@1.1.1", "", {}, "sha512-xceH2snhtb5M9liqDsmEw56le376mTZkEX/jEb/RxNFyegNul7eNslCXP9FDj/Lcu0X8KEyMceP2ntpaHrDEVA=="],

    "picomatch": ["picomatch@4.0.4", "", {}, "sha512-QP88BAKvMam/3NxH6vj2o21R6MjxZUAd6nlwAS/pnGvN9IVLocLHxGYIzFhg6fUQ+5th6P4dv4eW9jX3DSIj7A=="],

    "postcss": ["postcss@8.5.15", "", { "dependencies": { "nanoid": "^3.3.12", "picocolors": "^1.1.1", "source-map-js": "^1.2.1" } }, "sha512-FfR8sjd4em2T6fb3I2MwAJU7HWVMr9zba+enmQeeWFfCbm+UOC/0X4DS8XtpUTMwWMGbjKYP7xjfNekzyGmB3A=="],

    "readdirp": ["readdirp@4.1.2", "", {}, "sha512-GDhwkLfywWL2s6vEjyhri+eXmfH6j1L7JE27WhqLeYzoh/A3DBaYGEj2H/HFZCn/kMfim73FXxEJTw06WtxQwg=="],

    "rolldown": ["rolldown@1.0.0", "", { "dependencies": { "@oxc-project/types": "=0.129.0", "@rolldown/pluginutils": "1.0.0" }, "optionalDependencies": { "@rolldown/binding-android-arm64": "1.0.0", "@rolldown/binding-darwin-arm64": "1.0.0", "@rolldown/binding-darwin-x64": "1.0.0", "@rolldown/binding-freebsd-x64": "1.0.0", "@rolldown/binding-linux-arm-gnueabihf": "1.0.0", "@rolldown/binding-linux-arm64-gnu": "1.0.0", "@rolldown/binding-linux-arm64-musl": "1.0.0", "@rolldown/binding-linux-ppc64-gnu": "1.0.0", "@rolldown/binding-linux-s390x-gnu": "1.0.0", "@rolldown/binding-linux-x64-gnu": "1.0.0", "@rolldown/binding-linux-x64-musl": "1.0.0", "@rolldown/binding-openharmony-arm64": "1.0.0", "@rolldown/binding-wasm32-wasi": "1.0.0", "@rolldown/binding-win32-arm64-msvc": "1.0.0", "@rolldown/binding-win32-x64-msvc": "1.0.0" }, "bin": { "rolldown": "bin/cli.mjs" } }, "sha512-yD986aXDESFGS95spT1LAv0jssywP4npMEjmMHyN2/5+eE8qQJUype2AaKkRiLgBgyD0LFlubwAht7VmY8rGoA=="],

    "runed": ["runed@0.35.1", "", { "dependencies": { "dequal": "^2.0.3", "esm-env": "^1.0.0", "lz-string": "^1.5.0" }, "peerDependencies": { "@sveltejs/kit": "^2.21.0", "svelte": "^5.7.0" }, "optionalPeers": ["@sveltejs/kit"] }, "sha512-2F4Q/FZzbeJTFdIS/PuOoPRSm92sA2LhzTnv6FXhCoENb3huf5+fDuNOg1LNvGOouy3u/225qxmuJvcV3IZK5Q=="],

    "sade": ["sade@1.8.1", "", { "dependencies": { "mri": "^1.1.0" } }, "sha512-xal3CZX1Xlo/k4ApwCFrHVACi9fBqJ7V+mwhBsuf/1IOKbBy098Fex+Wa/5QMubw09pSZ/u8EY8PWgevJsXp1A=="],

    "shadcn-svelte": ["shadcn-svelte@1.2.7", "", { "dependencies": { "commander": "^14.0.0", "node-fetch-native": "^1.6.4", "postcss": "^8.5.5", "tailwind-merge": "^3.0.0" }, "peerDependencies": { "svelte": "^5.0.0" }, "bin": { "shadcn-svelte": "dist/index.mjs" } }, "sha512-mWuQk4H4gtV+J2wJQ7nEPKNnB/v86AALFryZU0SSM7ChHmJJMZ1kH+qIuxYKrXm9vOOOcSWHRsWzPDB71DnjYA=="],

    "source-map-js": ["source-map-js@1.2.1", "", {}, "sha512-UXWMKhLOwVKb728IUtQPXxfYU+usdybtUrK/8uGE8CQMvrhOpwvzDBwj0QhSL7MQc7vIsISBG8VQ8+IDQxpfQA=="],

    "style-to-object": ["style-to-object@1.0.14", "", { "dependencies": { "inline-style-parser": "0.2.7" } }, "sha512-LIN7rULI0jBscWQYaSswptyderlarFkjQ+t79nzty8tcIAceVomEVlLzH5VP4Cmsv6MtKhs7qaAiwlcp+Mgaxw=="],

    "svelte": ["svelte@5.55.5", "", { "dependencies": { "@jridgewell/remapping": "^2.3.4", "@jridgewell/sourcemap-codec": "^1.5.0", "@sveltejs/acorn-typescript": "^1.0.5", "@types/estree": "^1.0.5", "@types/trusted-types": "^2.0.7", "acorn": "^8.12.1", "aria-query": "5.3.1", "axobject-query": "^4.1.0", "clsx": "^2.1.1", "devalue": "^5.6.4", "esm-env": "^1.2.1", "esrap": "^2.2.4", "is-reference": "^3.0.3", "locate-character": "^3.0.0", "magic-string": "^0.30.11", "zimmerframe": "^1.1.2" } }, "sha512-2uCs/LZ9us+AktdzYJM8OcxQ8qnPS1kpaO7syGT/MgO+6Qr1Ybl+TqPq+97u7PHqmmMlye5ZkoyXONy5mjjAbw=="],

    "svelte-check": ["svelte-check@4.4.8", "", { "dependencies": { "@jridgewell/trace-mapping": "^0.3.25", "chokidar": "^4.0.1", "fdir": "^6.2.0", "picocolors": "^1.0.0", "sade": "^1.7.4" }, "peerDependencies": { "svelte": "^4.0.0 || ^5.0.0-next.0", "typescript": ">=5.0.0" }, "bin": { "svelte-check": "bin/svelte-check" } }, "sha512-67adfgBox5eNSNIvIIwgFizKGdcRrGpiMoNO2obHcYuLz7iTa8Xgm/NGU3ntMFnNm8K1grFOIG6HhMLX/vcN8w=="],

    "svelte-toolbelt": ["svelte-toolbelt@0.10.6", "", { "dependencies": { "clsx": "^2.1.1", "runed": "^0.35.1", "style-to-object": "^1.0.8" }, "peerDependencies": { "svelte": "^5.30.2" } }, "sha512-YWuX+RE+CnWYx09yseAe4ZVMM7e7GRFZM6OYWpBKOb++s+SQ8RBIMMe+Bs/CznBMc0QPLjr+vDBxTAkozXsFXQ=="],

    "tabbable": ["tabbable@6.4.0", "", {}, "sha512-05PUHKSNE8ou2dwIxTngl4EzcnsCDZGJ/iCLtDflR/SHB/ny14rXc+qU5P4mG9JkusiV7EivzY9Mhm55AzAvCg=="],

    "tailwind-merge": ["tailwind-merge@3.6.0", "", {}, "sha512-uxL7qAVQriqRQPAyK3pj66VqskWqoZ37PW94jwOTwNfq/z9oyu1V+eqrZqtR2+fCiXdYOZe/Modt8GtvqNzu+w=="],

    "tailwind-variants": ["tailwind-variants@3.2.2", "", { "peerDependencies": { "tailwind-merge": ">=3.0.0", "tailwindcss": "*" }, "optionalPeers": ["tailwind-merge"] }, "sha512-Mi4kHeMTLvKlM98XPnK+7HoBPmf4gygdFmqQPaDivc3DpYS6aIY6KiG/PgThrGvii5YZJqRsPz0aPyhoFzmZgg=="],

    "tailwindcss": ["tailwindcss@4.3.0", "", {}, "sha512-y6nxMGB1nMW9R6k96e5gdIFzcfL/gTJRNaqGes1YvkLnPVXzWgbqFF2yLC0T8G774n24cx3Pe8XrKoniCOAH+Q=="],

    "tapable": ["tapable@2.3.3", "", {}, "sha512-uxc/zpqFg6x7C8vOE7lh6Lbda8eEL9zmVm/PLeTPBRhh1xCgdWaQ+J1CUieGpIfm2HdtsUpRv+HshiasBMcc6A=="],

    "three": ["three@0.184.0", "", {}, "sha512-wtTRjG92pM5eUg/KuUnHsqSAlPM296brTOcLgMRqEeylYTh/CdtvKUvCyyCQTzFuStieWxvZb8mVTMvdPyUpxg=="],

    "tinyglobby": ["tinyglobby@0.2.16", "", { "dependencies": { "fdir": "^6.5.0", "picomatch": "^4.0.4" } }, "sha512-pn99VhoACYR8nFHhxqix+uvsbXineAasWm5ojXoN8xEwK5Kd3/TrhNn1wByuD52UxWRLy8pu+kRMniEi6Eq9Zg=="],

    "tslib": ["tslib@2.8.1", "", {}, "sha512-oJFu94HQb+KVduSUQL7wnpmqnfmLsOA/nAh6b6EH0wCEoK0/mPeXU6c3wKDV83MkOuHPRHtSXKKU99IBazS/2w=="],

    "tw-animate-css": ["tw-animate-css@1.4.0", "", {}, "sha512-7bziOlRqH0hJx80h/3mbicLW7o8qLsH5+RaLR2t+OHM3D0JlWGODQKQ4cxbK7WlvmUxpcj6Kgu6EKqjrGFe3QQ=="],

    "typescript": ["typescript@6.0.3", "", { "bin": { "tsc": "bin/tsc", "tsserver": "bin/tsserver" } }, "sha512-y2TvuxSZPDyQakkFRPZHKFm+KKVqIisdg9/CZwm9ftvKXLP8NRWj38/ODjNbr43SsoXqNuAisEf1GdCxqWcdBw=="],

    "undici-types": ["undici-types@7.21.0", "", {}, "sha512-w9IMgQrz4O0YN1LtB7K5P63vhlIOvC7opSmouCJ+ZywlPAlO9gIkJ+otk6LvGpAs2wg4econaCz3TvQ9xPoyuQ=="],

    "vite": ["vite@8.0.12", "", { "dependencies": { "lightningcss": "^1.32.0", "picomatch": "^4.0.4", "postcss": "^8.5.14", "rolldown": "1.0.0", "tinyglobby": "^0.2.16" }, "optionalDependencies": { "fsevents": "~2.3.3" }, "peerDependencies": { "@types/node": "^20.19.0 || >=22.12.0", "@vitejs/devtools": "^0.1.18", "esbuild": "^0.27.0 || ^0.28.0", "jiti": ">=1.21.0", "less": "^4.0.0", "sass": "^1.70.0", "sass-embedded": "^1.70.0", "stylus": ">=0.54.8", "sugarss": "^5.0.0", "terser": "^5.16.0", "tsx": "^4.8.1", "yaml": "^2.4.2" }, "optionalPeers": ["@types/node", "@vitejs/devtools", "esbuild", "jiti", "less", "sass", "sass-embedded", "stylus", "sugarss", "terser", "tsx", "yaml"], "bin": { "vite": "bin/vite.js" } }, "sha512-w2dDofOWv2QB09ZITZBsvKTVAlYvPR4IAmrY/v0ir9KvLs0xybR7i48wxhM1/oyBWO34wPns+bPGw5ZrZqDpZg=="],

    "vitefu": ["vitefu@1.1.3", "", { "peerDependencies": { "vite": "^3.0.0 || ^4.0.0 || ^5.0.0 || ^6.0.0 || ^7.0.0 || ^8.0.0" }, "optionalPeers": ["vite"] }, "sha512-ub4okH7Z5KLjb6hDyjqrGXqWtWvoYdU3IGm/NorpgHncKoLTCfRIbvlhBm7r0YstIaQRYlp4yEbFqDcKSzXSSg=="],

    "zimmerframe": ["zimmerframe@1.1.4", "", {}, "sha512-B58NGBEoc8Y9MWWCQGl/gq9xBCe4IiKM0a2x7GZdQKOW5Exr8S1W24J6OgM1njK8xCRGvAJIL/MxXHf6SkmQKQ=="],

    "@tailwindcss/oxide-wasm32-wasi/@emnapi/core": ["@emnapi/core@1.10.0", "", { "dependencies": { "@emnapi/wasi-threads": "1.2.1", "tslib": "^2.4.0" }, "bundled": true }, "sha512-yq6OkJ4p82CAfPl0u9mQebQHKPJkY7WrIuk205cTYnYe+k2Z8YBh11FrbRG/H6ihirqcacOgl2BIO8oyMQLeXw=="],

    "@tailwindcss/oxide-wasm32-wasi/@emnapi/runtime": ["@emnapi/runtime@1.10.0", "", { "dependencies": { "tslib": "^2.4.0" }, "bundled": true }, "sha512-ewvYlk86xUoGI0zQRNq/mC+16R1QeDlKQy21Ki3oSYXNgLb45GV1P6A0M+/s6nyCuNDqe5VpaY84BzXGwVbwFA=="],

    "@tailwindcss/oxide-wasm32-wasi/@emnapi/wasi-threads": ["@emnapi/wasi-threads@1.2.1", "", { "dependencies": { "tslib": "^2.4.0" }, "bundled": true }, "sha512-uTII7OYF+/Mes/MrcIOYp5yOtSMLBWSIoLPpcgwipoiKbli6k322tcoFsxoIIxPDqW01SQGAgko4EzZi2BNv2w=="],

    "@tailwindcss/oxide-wasm32-wasi/@napi-rs/wasm-runtime": ["@napi-rs/wasm-runtime@1.1.4", "", { "dependencies": { "@tybys/wasm-util": "^0.10.1" }, "peerDependencies": { "@emnapi/core": "^1.7.1", "@emnapi/runtime": "^1.7.1" }, "bundled": true }, "sha512-3NQNNgA1YSlJb/kMH1ildASP9HW7/7kYnRI2szWJaofaS1hWmbGI4H+d3+22aGzXXN9IJ+n+GiFVcGipJP18ow=="],

    "@tailwindcss/oxide-wasm32-wasi/@tybys/wasm-util": ["@tybys/wasm-util@0.10.2", "", { "dependencies": { "tslib": "^2.4.0" }, "bundled": true }, "sha512-RoBvJ2X0wuKlWFIjrwffGw1IqZHKQqzIchKaadZZfnNpsAYp2mM0h36JtPCjNDAHGgYez/15uMBpfGwchhiMgg=="],

    "@tailwindcss/oxide-wasm32-wasi/tslib": ["tslib@2.8.1", "", { "bundled": true }, "sha512-oJFu94HQb+KVduSUQL7wnpmqnfmLsOA/nAh6b6EH0wCEoK0/mPeXU6c3wKDV83MkOuHPRHtSXKKU99IBazS/2w=="],
  }
}
